// !$*UTF8*$!
{
	archiveVersion = 1;
	classes = {
	};
	objectVersion = 46;
	objects = {

/* Begin PBXBuildFile section */
		568B582A6894A907D6310A06 /* libPods.a in Frameworks */ = {isa = PBXBuildFile; fileRef = 7F15B92FFA1C1F763E8956CA /* libPods.a */; };
		AF2383821A5A4663002FBCF8 /* MXSinaOAuthClient.m in Sources */ = {isa = PBXBuildFile; fileRef = AF2383811A5A4663002FBCF8 /* MXSinaOAuthClient.m */; };
		AF3A66701A38062D00A470A1 /* OAuthSignUtil.m in Sources */ = {isa = PBXBuildFile; fileRef = AF3A666F1A38062D00A470A1 /* OAuthSignUtil.m */; };
		AF3A66731A38063B00A470A1 /* MBGithubOAuthClient.m in Sources */ = {isa = PBXBuildFile; fileRef = AF3A66721A38063B00A470A1 /* MBGithubOAuthClient.m */; };
		AFC55B941A36D6F30067C791 /* main.m in Sources */ = {isa = PBXBuildFile; fileRef = AFC55B931A36D6F30067C791 /* main.m */; };
		AFC55B971A36D6F30067C791 /* AppDelegate.m in Sources */ = {isa = PBXBuildFile; fileRef = AFC55B961A36D6F30067C791 /* AppDelegate.m */; };
		AFC55B9A1A36D6F30067C791 /* ViewController.m in Sources */ = {isa = PBXBuildFile; fileRef = AFC55B991A36D6F30067C791 /* ViewController.m */; };
		AFC55B9D1A36D6F30067C791 /* Main.storyboard in Resources */ = {isa = PBXBuildFile; fileRef = AFC55B9B1A36D6F30067C791 /* Main.storyboard */; };
		AFC55B9F1A36D6F30067C791 /* Images.xcassets in Resources */ = {isa = PBXBuildFile; fileRef = AFC55B9E1A36D6F30067C791 /* Images.xcassets */; };
		AFC55BA21A36D6F30067C791 /* LaunchScreen.xib in Resources */ = {isa = PBXBuildFile; fileRef = AFC55BA01A36D6F30067C791 /* LaunchScreen.xib */; };
		AFC55BAE1A36D6F40067C791 /* OAuthSignUtilTests.m in Sources */ = {isa = PBXBuildFile; fileRef = AFC55BAD1A36D6F40067C791 /* OAuthSignUtilTests.m */; };
		AFE426A81A5032DF00B6046C /* MXGoogleOAuthClient.m in Sources */ = {isa = PBXBuildFile; fileRef = AFE426A21A5032DF00B6046C /* MXGoogleOAuthClient.m */; };
		AFE426A91A5032DF00B6046C /* MXOAuthViewController.m in Sources */ = {isa = PBXBuildFile; fileRef = AFE426A41A5032DF00B6046C /* MXOAuthViewController.m */; };
		AFE426AA1A5032DF00B6046C /* MXOAuthWebView.xib in Resources */ = {isa = PBXBuildFile; fileRef = AFE426A51A5032DF00B6046C /* MXOAuthWebView.xib */; };
		AFE426AB1A5032DF00B6046C /* MXQQOAuthClient.m in Sources */ = {isa = PBXBuildFile; fileRef = AFE426A71A5032DF00B6046C /* MXQQOAuthClient.m */; };
/* End PBXBuildFile section */

/* Begin PBXContainerItemProxy section */
		AFC55BA81A36D6F40067C791 /* PBXContainerItemProxy */ = {
			isa = PBXContainerItemProxy;
			containerPortal = AFC55B861A36D6F30067C791 /* Project object */;
			proxyType = 1;
			remoteGlobalIDString = AFC55B8D1A36D6F30067C791;
			remoteInfo = OAuthSignUtil;
		};
/* End PBXContainerItemProxy section */

/* Begin PBXFileReference section */
		7360B189E3D7BFB0DF2874C6 /* Pods.release.xcconfig */ = {isa = PBXFileReference; includeInIndex = 1; lastKnownFileType = text.xcconfig; name = Pods.release.xcconfig; path = "Pods/Target Support Files/Pods/Pods.release.xcconfig"; sourceTree = "<group>"; };
		7F15B92FFA1C1F763E8956CA /* libPods.a */ = {isa = PBXFileReference; explicitFileType = archive.ar; includeInIndex = 0; path = libPods.a; sourceTree = BUILT_PRODUCTS_DIR; };
		AF2383801A5A4663002FBCF8 /* MXSinaOAuthClient.h */ = {isa = PBXFileReference; fileEncoding = 4; lastKnownFileType = sourcecode.c.h; name = MXSinaOAuthClient.h; path = OAuthSignClass/MXSinaOAuthClient.h; sourceTree = SOURCE_ROOT; };
		AF2383811A5A4663002FBCF8 /* MXSinaOAuthClient.m */ = {isa = PBXFileReference; fileEncoding = 4; lastKnownFileType = sourcecode.c.objc; name = MXSinaOAuthClient.m; path = OAuthSignClass/MXSinaOAuthClient.m; sourceTree = SOURCE_ROOT; };
		AF3A666E1A38062D00A470A1 /* OAuthSignUtil.h */ = {isa = PBXFileReference; fileEncoding = 4; lastKnownFileType = sourcecode.c.h; name = OAuthSignUtil.h; path = OAuthSignClass/OAuthSignUtil.h; sourceTree = SOURCE_ROOT; };
		AF3A666F1A38062D00A470A1 /* OAuthSignUtil.m */ = {isa = PBXFileReference; fileEncoding = 4; lastKnownFileType = sourcecode.c.objc; name = OAuthSignUtil.m; path = OAuthSignClass/OAuthSignUtil.m; sourceTree = SOURCE_ROOT; };
		AF3A66711A38063B00A470A1 /* MBGithubOAuthClient.h */ = {isa = PBXFileReference; fileEncoding = 4; lastKnownFileType = sourcecode.c.h; name = MBGithubOAuthClient.h; path = OAuthSignClass/MBGithubOAuthClient.h; sourceTree = SOURCE_ROOT; };
		AF3A66721A38063B00A470A1 /* MBGithubOAuthClient.m */ = {isa = PBXFileReference; fileEncoding = 4; lastKnownFileType = sourcecode.c.objc; name = MBGithubOAuthClient.m; path = OAuthSignClass/MBGithubOAuthClient.m; sourceTree = SOURCE_ROOT; };
		AFC55B8E1A36D6F30067C791 /* OAuthSignUtil.app */ = {isa = PBXFileReference; explicitFileType = wrapper.application; includeInIndex = 0; path = OAuthSignUtil.app; sourceTree = BUILT_PRODUCTS_DIR; };
		AFC55B921A36D6F30067C791 /* Info.plist */ = {isa = PBXFileReference; lastKnownFileType = text.plist.xml; path = Info.plist; sourceTree = "<group>"; };
		AFC55B931A36D6F30067C791 /* main.m */ = {isa = PBXFileReference; lastKnownFileType = sourcecode.c.objc; path = main.m; sourceTree = "<group>"; };
		AFC55B951A36D6F30067C791 /* AppDelegate.h */ = {isa = PBXFileReference; lastKnownFileType = sourcecode.c.h; path = AppDelegate.h; sourceTree = "<group>"; };
		AFC55B961A36D6F30067C791 /* AppDelegate.m */ = {isa = PBXFileReference; lastKnownFileType = sourcecode.c.objc; path = AppDelegate.m; sourceTree = "<group>"; };
		AFC55B981A36D6F30067C791 /* ViewController.h */ = {isa = PBXFileReference; lastKnownFileType = sourcecode.c.h; path = ViewController.h; sourceTree = "<group>"; };
		AFC55B991A36D6F30067C791 /* ViewController.m */ = {isa = PBXFileReference; lastKnownFileType = sourcecode.c.objc; path = ViewController.m; sourceTree = "<group>"; };
		AFC55B9C1A36D6F30067C791 /* Base */ = {isa = PBXFileReference; lastKnownFileType = file.storyboard; name = Base; path = Base.lproj/Main.storyboard; sourceTree = "<group>"; };
		AFC55B9E1A36D6F30067C791 /* Images.xcassets */ = {isa = PBXFileReference; lastKnownFileType = folder.assetcatalog; path = Images.xcassets; sourceTree = "<group>"; };
		AFC55BA11A36D6F30067C791 /* Base */ = {isa = PBXFileReference; lastKnownFileType = file.xib; name = Base; path = Base.lproj/LaunchScreen.xib; sourceTree = "<group>"; };
		AFC55BA71A36D6F40067C791 /* OAuthSignUtilTests.xctest */ = {isa = PBXFileReference; explicitFileType = wrapper.cfbundle; includeInIndex = 0; path = OAuthSignUtilTests.xctest; sourceTree = BUILT_PRODUCTS_DIR; };
		AFC55BAC1A36D6F40067C791 /* Info.plist */ = {isa = PBXFileReference; lastKnownFileType = text.plist.xml; path = Info.plist; sourceTree = "<group>"; };
		AFC55BAD1A36D6F40067C791 /* OAuthSignUtilTests.m */ = {isa = PBXFileReference; lastKnownFileType = sourcecode.c.objc; path = OAuthSignUtilTests.m; sourceTree = "<group>"; };
		AFE426A11A5032DF00B6046C /* MXGoogleOAuthClient.h */ = {isa = PBXFileReference; fileEncoding = 4; lastKnownFileType = sourcecode.c.h; name = MXGoogleOAuthClient.h; path = OAuthSignClass/MXGoogleOAuthClient.h; sourceTree = SOURCE_ROOT; };
		AFE426A21A5032DF00B6046C /* MXGoogleOAuthClient.m */ = {isa = PBXFileReference; fileEncoding = 4; lastKnownFileType = sourcecode.c.objc; name = MXGoogleOAuthClient.m; path = OAuthSignClass/MXGoogleOAuthClient.m; sourceTree = SOURCE_ROOT; };
		AFE426A31A5032DF00B6046C /* MXOAuthViewController.h */ = {isa = PBXFileReference; fileEncoding = 4; lastKnownFileType = sourcecode.c.h; name = MXOAuthViewController.h; path = OAuthSignClass/MXOAuthViewController.h; sourceTree = SOURCE_ROOT; };
		AFE426A41A5032DF00B6046C /* MXOAuthViewController.m */ = {isa = PBXFileReference; fileEncoding = 4; lastKnownFileType = sourcecode.c.objc; name = MXOAuthViewController.m; path = OAuthSignClass/MXOAuthViewController.m; sourceTree = SOURCE_ROOT; };
		AFE426A51A5032DF00B6046C /* MXOAuthWebView.xib */ = {isa = PBXFileReference; fileEncoding = 4; lastKnownFileType = file.xib; name = MXOAuthWebView.xib; path = OAuthSignClass/MXOAuthWebView.xib; sourceTree = SOURCE_ROOT; };
		AFE426A61A5032DF00B6046C /* MXQQOAuthClient.h */ = {isa = PBXFileReference; fileEncoding = 4; lastKnownFileType = sourcecode.c.h; name = MXQQOAuthClient.h; path = OAuthSignClass/MXQQOAuthClient.h; sourceTree = SOURCE_ROOT; };
		AFE426A71A5032DF00B6046C /* MXQQOAuthClient.m */ = {isa = PBXFileReference; fileEncoding = 4; lastKnownFileType = sourcecode.c.objc; name = MXQQOAuthClient.m; path = OAuthSignClass/MXQQOAuthClient.m; sourceTree = SOURCE_ROOT; };
		B0009B9E0273A3C42321619D /* Pods.debug.xcconfig */ = {isa = PBXFileReference; includeInIndex = 1; lastKnownFileType = text.xcconfig; name = Pods.debug.xcconfig; path = "Pods/Target Support Files/Pods/Pods.debug.xcconfig"; sourceTree = "<group>"; };
/* End PBXFileReference section */

/* Begin PBXFrameworksBuildPhase section */
		AFC55B8B1A36D6F30067C791 /* Frameworks */ = {
			isa = PBXFrameworksBuildPhase;
			buildActionMask = 2147483647;
			files = (
				568B582A6894A907D6310A06 /* libPods.a in Frameworks */,
			);
			runOnlyForDeploymentPostprocessing = 0;
		};
		AFC55BA41A36D6F40067C791 /* Frameworks */ = {
			isa = PBXFrameworksBuildPhase;
			buildActionMask = 2147483647;
			files = (
			);
			runOnlyForDeploymentPostprocessing = 0;
		};
/* End PBXFrameworksBuildPhase section */

/* Begin PBXGroup section */
		0546F5CE67F7C93221CF5B92 /* Frameworks */ = {
			isa = PBXGroup;
			children = (
				7F15B92FFA1C1F763E8956CA /* libPods.a */,
			);
			name = Frameworks;
			sourceTree = "<group>";
		};
		07B9F29E8033F2DC5E34120C /* Pods */ = {
			isa = PBXGroup;
			children = (
				B0009B9E0273A3C42321619D /* Pods.debug.xcconfig */,
				7360B189E3D7BFB0DF2874C6 /* Pods.release.xcconfig */,
			);
			name = Pods;
			sourceTree = "<group>";
		};
		AF25F5061A36DF4300454BB7 /* OAuthSignUtil */ = {
			isa = PBXGroup;
			children = (
				AFE426A11A5032DF00B6046C /* MXGoogleOAuthClient.h */,
				AFE426A21A5032DF00B6046C /* MXGoogleOAuthClient.m */,
				AFE426A61A5032DF00B6046C /* MXQQOAuthClient.h */,
				AFE426A71A5032DF00B6046C /* MXQQOAuthClient.m */,
				AF3A66711A38063B00A470A1 /* MBGithubOAuthClient.h */,
				AF3A66721A38063B00A470A1 /* MBGithubOAuthClient.m */,
				AF2383801A5A4663002FBCF8 /* MXSinaOAuthClient.h */,
				AF2383811A5A4663002FBCF8 /* MXSinaOAuthClient.m */,
				AF3A666E1A38062D00A470A1 /* OAuthSignUtil.h */,
				AF3A666F1A38062D00A470A1 /* OAuthSignUtil.m */,
				AFE426A31A5032DF00B6046C /* MXOAuthViewController.h */,
				AFE426A41A5032DF00B6046C /* MXOAuthViewController.m */,
				AFE426A51A5032DF00B6046C /* MXOAuthWebView.xib */,
			);
			name = OAuthSignUtil;
			sourceTree = "<group>";
		};
		AFC55B851A36D6F30067C791 = {
			isa = PBXGroup;
			children = (
				AFC55B901A36D6F30067C791 /* OAuthSignUtilDemo */,
				AFC55BAA1A36D6F40067C791 /* OAuthSignUtilTests */,
				AFC55B8F1A36D6F30067C791 /* Products */,
				07B9F29E8033F2DC5E34120C /* Pods */,
				0546F5CE67F7C93221CF5B92 /* Frameworks */,
			);
			sourceTree = "<group>";
		};
		AFC55B8F1A36D6F30067C791 /* Products */ = {
			isa = PBXGroup;
			children = (
				AFC55B8E1A36D6F30067C791 /* OAuthSignUtil.app */,
				AFC55BA71A36D6F40067C791 /* OAuthSignUtilTests.xctest */,
			);
			name = Products;
			sourceTree = "<group>";
		};
		AFC55B901A36D6F30067C791 /* OAuthSignUtilDemo */ = {
			isa = PBXGroup;
			children = (
				AFC55B981A36D6F30067C791 /* ViewController.h */,
				AFC55B991A36D6F30067C791 /* ViewController.m */,
				AF25F5061A36DF4300454BB7 /* OAuthSignUtil */,
				AFC55B911A36D6F30067C791 /* Supporting Files */,
			);
			name = OAuthSignUtilDemo;
			path = OAuthSignUtil;
			sourceTree = "<group>";
		};
		AFC55B911A36D6F30067C791 /* Supporting Files */ = {
			isa = PBXGroup;
			children = (
				AFC55B951A36D6F30067C791 /* AppDelegate.h */,
				AFC55B961A36D6F30067C791 /* AppDelegate.m */,
				AFC55B9B1A36D6F30067C791 /* Main.storyboard */,
				AFC55B9E1A36D6F30067C791 /* Images.xcassets */,
				AFC55BA01A36D6F30067C791 /* LaunchScreen.xib */,
				AFC55B921A36D6F30067C791 /* Info.plist */,
				AFC55B931A36D6F30067C791 /* main.m */,
			);
			name = "Supporting Files";
			sourceTree = "<group>";
		};
		AFC55BAA1A36D6F40067C791 /* OAuthSignUtilTests */ = {
			isa = PBXGroup;
			children = (
				AFC55BAD1A36D6F40067C791 /* OAuthSignUtilTests.m */,
				AFC55BAB1A36D6F40067C791 /* Supporting Files */,
			);
			path = OAuthSignUtilTests;
			sourceTree = SOURCE_ROOT;
		};
		AFC55BAB1A36D6F40067C791 /* Supporting Files */ = {
			isa = PBXGroup;
			children = (
				AFC55BAC1A36D6F40067C791 /* Info.plist */,
			);
			name = "Supporting Files";
			sourceTree = "<group>";
		};
/* End PBXGroup section */

/* Begin PBXNativeTarget section */
		AFC55B8D1A36D6F30067C791 /* OAuthSignUtil */ = {
			isa = PBXNativeTarget;
			buildConfigurationList = AFC55BB11A36D6F40067C791 /* Build configuration list for PBXNativeTarget "OAuthSignUtil" */;
			buildPhases = (
				3EECF5A56E6D4A1EBF7B6D89 /* Check Pods Manifest.lock */,
				AFC55B8A1A36D6F30067C791 /* Sources */,
				AFC55B8B1A36D6F30067C791 /* Frameworks */,
				AFC55B8C1A36D6F30067C791 /* Resources */,
				F58B1FD7B9855745266C344A /* Copy Pods Resources */,
			);
			buildRules = (
			);
			dependencies = (
			);
			name = OAuthSignUtil;
			productName = OAuthSignUtil;
			productReference = AFC55B8E1A36D6F30067C791 /* OAuthSignUtil.app */;
			productType = "com.apple.product-type.application";
		};
		AFC55BA61A36D6F40067C791 /* OAuthSignUtilTests */ = {
			isa = PBXNativeTarget;
			buildConfigurationList = AFC55BB41A36D6F40067C791 /* Build configuration list for PBXNativeTarget "OAuthSignUtilTests" */;
			buildPhases = (
				AFC55BA31A36D6F40067C791 /* Sources */,
				AFC55BA41A36D6F40067C791 /* Frameworks */,
				AFC55BA51A36D6F40067C791 /* Resources */,
			);
			buildRules = (
			);
			dependencies = (
				AFC55BA91A36D6F40067C791 /* PBXTargetDependency */,
			);
			name = OAuthSignUtilTests;
			productName = OAuthSignUtilTests;
			productReference = AFC55BA71A36D6F40067C791 /* OAuthSignUtilTests.xctest */;
			productType = "com.apple.product-type.bundle.unit-test";
		};
/* End PBXNativeTarget section */

/* Begin PBXProject section */
		AFC55B861A36D6F30067C791 /* Project object */ = {
			isa = PBXProject;
			attributes = {
				LastUpgradeCheck = 0610;
				ORGANIZATIONNAME = MexiQQ;
				TargetAttributes = {
					AFC55B8D1A36D6F30067C791 = {
						CreatedOnToolsVersion = 6.1.1;
					};
					AFC55BA61A36D6F40067C791 = {
						CreatedOnToolsVersion = 6.1.1;
						TestTargetID = AFC55B8D1A36D6F30067C791;
					};
				};
			};
			buildConfigurationList = AFC55B891A36D6F30067C791 /* Build configuration list for PBXProject "OAuthSignUtil" */;
			compatibilityVersion = "Xcode 3.2";
			developmentRegion = English;
			hasScannedForEncodings = 0;
			knownRegions = (
				en,
				Base,
				"zh-Hans",
			);
			mainGroup = AFC55B851A36D6F30067C791;
			productRefGroup = AFC55B8F1A36D6F30067C791 /* Products */;
			projectDirPath = "";
			projectRoot = "";
			targets = (
				AFC55B8D1A36D6F30067C791 /* OAuthSignUtil */,
				AFC55BA61A36D6F40067C791 /* OAuthSignUtilTests */,
			);
		};
/* End PBXProject section */

/* Begin PBXResourcesBuildPhase section */
		AFC55B8C1A36D6F30067C791 /* Resources */ = {
			isa = PBXResourcesBuildPhase;
			buildActionMask = 2147483647;
			files = (
				AFC55B9D1A36D6F30067C791 /* Main.storyboard in Resources */,
				AFC55BA21A36D6F30067C791 /* LaunchScreen.xib in Resources */,
				AFE426AA1A5032DF00B6046C /* MXOAuthWebView.xib in Resources */,
				AFC55B9F1A36D6F30067C791 /* Images.xcassets in Resources */,
			);
			runOnlyForDeploymentPostprocessing = 0;
		};
		AFC55BA51A36D6F40067C791 /* Resources */ = {
			isa = PBXResourcesBuildPhase;
			buildActionMask = 2147483647;
			files = (
			);
			runOnlyForDeploymentPostprocessing = 0;
		};
/* End PBXResourcesBuildPhase section */

/* Begin PBXShellScriptBuildPhase section */
		3EECF5A56E6D4A1EBF7B6D89 /* Check Pods Manifest.lock */ = {
			isa = PBXShellScriptBuildPhase;
			buildActionMask = 2147483647;
			files = (
			);
			inputPaths = (
			);
			name = "Check Pods Manifest.lock";
			outputPaths = (
			);
			runOnlyForDeploymentPostprocessing = 0;
			shellPath = /bin/sh;
			shellScript = "diff \"${PODS_ROOT}/../Podfile.lock\" \"${PODS_ROOT}/Manifest.lock\" > /dev/null\nif [[ $? != 0 ]] ; then\n    cat << EOM\nerror: The sandbox is not in sync with the Podfile.lock. Run 'pod install' or update your CocoaPods installation.\nEOM\n    exit 1\nfi\n";
			showEnvVarsInLog = 0;
		};
		F58B1FD7B9855745266C344A /* Copy Pods Resources */ = {
			isa = PBXShellScriptBuildPhase;
			buildActionMask = 2147483647;
			files = (
			);
			inputPaths = (
			);
			name = "Copy Pods Resources";
			outputPaths = (
			);
			runOnlyForDeploymentPostprocessing = 0;
			shellPath = /bin/sh;
			shellScript = "\"${SRCROOT}/Pods/Target Support Files/Pods/Pods-resources.sh\"\n";
			showEnvVarsInLog = 0;
		};
/* End PBXShellScriptBuildPhase section */

/* Begin PBXSourcesBuildPhase section */
		AFC55B8A1A36D6F30067C791 /* Sources */ = {
			isa = PBXSourcesBuildPhase;
			buildActionMask = 2147483647;
			files = (
				AFC55B9A1A36D6F30067C791 /* ViewController.m in Sources */,
				AFC55B971A36D6F30067C791 /* AppDelegate.m in Sources */,
				AFE426A81A5032DF00B6046C /* MXGoogleOAuthClient.m in Sources */,
				AFE426AB1A5032DF00B6046C /* MXQQOAuthClient.m in Sources */,
				AF3A66731A38063B00A470A1 /* MBGithubOAuthClient.m in Sources */,
				AF2383821A5A4663002FBCF8 /* MXSinaOAuthClient.m in Sources */,
				AFE426A91A5032DF00B6046C /* MXOAuthViewController.m in Sources */,
				AF3A66701A38062D00A470A1 /* OAuthSignUtil.m in Sources */,
				AFC55B941A36D6F30067C791 /* main.m in Sources */,
			);
			runOnlyForDeploymentPostprocessing = 0;
		};
		AFC55BA31A36D6F40067C791 /* Sources */ = {
			isa = PBXSourcesBuildPhase;
			buildActionMask = 2147483647;
			files = (
				AFC55BAE1A36D6F40067C791 /* OAuthSignUtilTests.m in Sources */,
			);
			runOnlyForDeploymentPostprocessing = 0;
		};
/* End PBXSourcesBuildPhase section */

/* Begin PBXTargetDependency section */
		AFC55BA91A36D6F40067C791 /* PBXTargetDependency */ = {
			isa = PBXTargetDependency;
			target = AFC55B8D1A36D6F30067C791 /* OAuthSignUtil */;
			targetProxy = AFC55BA81A36D6F40067C791 /* PBXContainerItemProxy */;
		};
/* End PBXTargetDependency section */

/* Begin PBXVariantGroup section */
		AFC55B9B1A36D6F30067C791 /* Main.storyboard */ = {
			isa = PBXVariantGroup;
			children = (
				AFC55B9C1A36D6F30067C791 /* Base */,
			);
			name = Main.storyboard;
			sourceTree = "<group>";
		};
		AFC55BA01A36D6F30067C791 /* LaunchScreen.xib */ = {
			isa = PBXVariantGroup;
			children = (
				AFC55BA11A36D6F30067C791 /* Base */,
			);
			name = LaunchScreen.xib;
			sourceTree = "<group>";
		};
/* End PBXVariantGroup section */

/* Begin XCBuildConfiguration section */
		AFC55BAF1A36D6F40067C791 /* Debug */ = {
			isa = XCBuildConfiguration;
			buildSettings = {
				ALWAYS_SEARCH_USER_PATHS = NO;
				CLANG_CXX_LANGUAGE_STANDARD = "gnu++0x";
				CLANG_CXX_LIBRARY = "libc++";
				CLANG_ENABLE_MODULES = YES;
				CLANG_ENABLE_OBJC_ARC = YES;
				CLANG_WARN_BOOL_CONVERSION = YES;
				CLANG_WARN_CONSTANT_CONVERSION = YES;
				CLANG_WARN_DIRECT_OBJC_ISA_USAGE = YES_ERROR;
				CLANG_WARN_EMPTY_BODY = YES;
				CLANG_WARN_ENUM_CONVERSION = YES;
				CLANG_WARN_INT_CONVERSION = YES;
				CLANG_WARN_OBJC_ROOT_CLASS = YES_ERROR;
				CLANG_WARN_UNREACHABLE_CODE = YES;
				CLANG_WARN__DUPLICATE_METHOD_MATCH = YES;
				"CODE_SIGN_IDENTITY[sdk=iphoneos*]" = "iPhone Developer";
				COPY_PHASE_STRIP = NO;
				ENABLE_STRICT_OBJC_MSGSEND = YES;
				GCC_C_LANGUAGE_STANDARD = gnu99;
				GCC_DYNAMIC_NO_PIC = NO;
				GCC_OPTIMIZATION_LEVEL = 0;
				GCC_PREPROCESSOR_DEFINITIONS = (
					"DEBUG=1",
					"$(inherited)",
				);
				GCC_SYMBOLS_PRIVATE_EXTERN = NO;
				GCC_WARN_64_TO_32_BIT_CONVERSION = YES;
				GCC_WARN_ABOUT_RETURN_TYPE = YES_ERROR;
				GCC_WARN_UNDECLARED_SELECTOR = YES;
				GCC_WARN_UNINITIALIZED_AUTOS = YES_AGGRESSIVE;
				GCC_WARN_UNUSED_FUNCTION = YES;
				GCC_WARN_UNUSED_VARIABLE = YES;
				IPHONEOS_DEPLOYMENT_TARGET = 8.1;
				MTL_ENABLE_DEBUG_INFO = YES;
				ONLY_ACTIVE_ARCH = YES;
				SDKROOT = iphoneos;
			};
			name = Debug;
		};
		AFC55BB01A36D6F40067C791 /* Release */ = {
			isa = XCBuildConfiguration;
			buildSettings = {
				ALWAYS_SEARCH_USER_PATHS = NO;
				CLANG_CXX_LANGUAGE_STANDARD = "gnu++0x";
				CLANG_CXX_LIBRARY = "libc++";
				CLANG_ENABLE_MODULES = YES;
				CLANG_ENABLE_OBJC_ARC = YES;
				CLANG_WARN_BOOL_CONVERSION = YES;
				CLANG_WARN_CONSTANT_CONVERSION = YES;
				CLANG_WARN_DIRECT_OBJC_ISA_USAGE = YES_ERROR;
				CLANG_WARN_EMPTY_BODY = YES;
				CLANG_WARN_ENUM_CONVERSION = YES;
				CLANG_WARN_INT_CONVERSION = YES;
				CLANG_WARN_OBJC_ROOT_CLASS = YES_ERROR;
				CLANG_WARN_UNREACHABLE_CODE = YES;
				CLANG_WARN__DUPLICATE_METHOD_MATCH = YES;
				"CODE_SIGN_IDENTITY[sdk=iphoneos*]" = "iPhone Developer";
				COPY_PHASE_STRIP = YES;
				ENABLE_NS_ASSERTIONS = NO;
				ENABLE_STRICT_OBJC_MSGSEND = YES;
				GCC_C_LANGUAGE_STANDARD = gnu99;
				GCC_WARN_64_TO_32_BIT_CONVERSION = YES;
				GCC_WARN_ABOUT_RETURN_TYPE = YES_ERROR;
				GCC_WARN_UNDECLARED_SELECTOR = YES;
				GCC_WARN_UNINITIALIZED_AUTOS = YES_AGGRESSIVE;
				GCC_WARN_UNUSED_FUNCTION = YES;
				GCC_WARN_UNUSED_VARIABLE = YES;
				IPHONEOS_DEPLOYMENT_TARGET = 8.1;
				MTL_ENABLE_DEBUG_INFO = NO;
				SDKROOT = iphoneos;
				VALIDATE_PRODUCT = YES;
			};
			name = Release;
		};
		AFC55BB21A36D6F40067C791 /* Debug */ = {
			isa = XCBuildConfiguration;
			baseConfigurationReference = B0009B9E0273A3C42321619D /* Pods.debug.xcconfig */;
			buildSettings = {
				ASSETCATALOG_COMPILER_APPICON_NAME = AppIcon;
				FRAMEWORK_SEARCH_PATHS = "$(inherited)";
				INFOPLIST_FILE = OAuthSignUtil/Info.plist;
				LD_RUNPATH_SEARCH_PATHS = "$(inherited) @executable_path/Frameworks";
				LIBRARY_SEARCH_PATHS = "$(inherited)";
				PRODUCT_NAME = "$(TARGET_NAME)";
			};
			name = Debug;
		};
		AFC55BB31A36D6F40067C791 /* Release */ = {
			isa = XCBuildConfiguration;
			baseConfigurationReference = 7360B189E3D7BFB0DF2874C6 /* Pods.release.xcconfig */;
			buildSettings = {
				ASSETCATALOG_COMPILER_APPICON_NAME = AppIcon;
				FRAMEWORK_SEARCH_PATHS = "$(inherited)";
				INFOPLIST_FILE = OAuthSignUtil/Info.plist;
				LD_RUNPATH_SEARCH_PATHS = "$(inherited) @executable_path/Frameworks";
				LIBRARY_SEARCH_PATHS = "$(inherited)";
				PRODUCT_NAME = "$(TARGET_NAME)";
			};
			name = Release;
		};
		AFC55BB51A36D6F40067C791 /* Debug */ = {
			isa = XCBuildConfiguration;
			buildSettings = {
				BUNDLE_LOADER = "$(TEST_HOST)";
				FRAMEWORK_SEARCH_PATHS = (
					"$(SDKROOT)/Developer/Library/Frameworks",
					"$(inherited)",
				);
				GCC_PREPROCESSOR_DEFINITIONS = (
					"DEBUG=1",
					"$(inherited)",
				);
				INFOPLIST_FILE = OAuthSignUtilTests/Info.plist;
				LD_RUNPATH_SEARCH_PATHS = "$(inherited) @executable_path/Frameworks @loader_path/Frameworks";
				PRODUCT_NAME = "$(TARGET_NAME)";
				TEST_HOST = "$(BUILT_PRODUCTS_DIR)/OAuthSignUtil.app/OAuthSignUtil";
			};
			name = Debug;
		};
		AFC55BB61A36D6F40067C791 /* Release */ = {
			isa = XCBuildConfiguration;
			buildSettings = {
				BUNDLE_LOADER = "$(TEST_HOST)";
				FRAMEWORK_SEARCH_PATHS = (
					"$(SDKROOT)/Developer/Library/Frameworks",
					"$(inherited)",
				);
				INFOPLIST_FILE = OAuthSignUtilTests/Info.plist;
				LD_RUNPATH_SEARCH_PATHS = "$(inherited) @executable_path/Frameworks @loader_path/Frameworks";
				PRODUCT_NAME = "$(TARGET_NAME)";
				TEST_HOST = "$(BUILT_PRODUCTS_DIR)/OAuthSignUtil.app/OAuthSignUtil";
			};
			name = Release;
		};
/* End XCBuildConfiguration section */

/* Begin XCConfigurationList section */
		AFC55B891A36D6F30067C791 /* Build configuration list for PBXProject "OAuthSignUtil" */ = {
			isa = XCConfigurationList;
			buildConfigurations = (
				AFC55BAF1A36D6F40067C791 /* Debug */,
				AFC55BB01A36D6F40067C791 /* Release */,
			);
			defaultConfigurationIsVisible = 0;
			defaultConfigurationName = Release;
		};
		AFC55BB11A36D6F40067C791 /* Build configuration list for PBXNativeTarget "OAuthSignUtil" */ = {
			isa = XCConfigurationList;
			buildConfigurations = (
				AFC55BB21A36D6F40067C791 /* Debug */,
				AFC55BB31A36D6F40067C791 /* Release */,
			);
			defaultConfigurationIsVisible = 0;
			defaultConfigurationName = Release;
		};
		AFC55BB41A36D6F40067C791 /* Build configuration list for PBXNativeTarget "OAuthSignUtilTests" */ = {
			isa = XCConfigurationList;
			buildConfigurations = (
				AFC55BB51A36D6F40067C791 /* Debug */,
				AFC55BB61A36D6F40067C791 /* Release */,
			);
			defaultConfigurationIsVisible = 0;
			defaultConfigurationName = Release;
		};
/* End XCConfigurationList section */
	};
	rootObject = AFC55B861A36D6F30067C791 /* Project object */;
}
